
Microsoft Visual Studio Solution File, Format Version 12.00
# Visual Studio Version 16
VisualStudioVersion = 16.0.31129.286
MinimumVisualStudioVersion = 10.0.40219.1
Project("{FAE04EC0-301F-11D3-BF4B-00C04F79EFBC}") = "MVCProjeKampi", "MVCProjeKampi\MVCProjeKampi.csproj", "{412A58C1-EBB0-4C4D-B95E-F49DC59A4B7F}"
EndProject
Project("{FAE04EC0-301F-11D3-BF4B-00C04F79EFBC}") = "BusinessLayer", "BusinessLayer\BusinessLayer.csproj", "{4816F17F-DF5D-4329-87B1-91EB174E2F24}"
EndProject
Project("{FAE04EC0-301F-11D3-BF4B-00C04F79EFBC}") = "DataAccessLayer", "DataAccessLayer\DataAccessLayer.csproj", "{C8C6A53D-7BA2-4211-9E54-BD9F2225E195}"
EndProject
Project("{FAE04EC0-301F-11D3-BF4B-00C04F79EFBC}") = "EntitiesLayer", "EntitiesLayer\EntitiesLayer.csproj", "{FAC861A4-CC51-414D-93F6-7A3AA130FB38}"
EndProject
Global
	GlobalSection(SolutionConfigurationPlatforms) = preSolution
		Debug|Any CPU = Debug|Any CPU
		Release|Any CPU = Release|Any CPU
	EndGlobalSection
	GlobalSection(ProjectConfigurationPlatforms) = postSolution
		{412A58C1-EBB0-4C4D-B95E-F49DC59A4B7F}.Debug|Any CPU.ActiveCfg = Debug|Any CPU
		{412A58C1-EBB0-4C4D-B95E-F49DC59A4B7F}.Debug|Any CPU.Build.0 = Debug|Any CPU
		{412A58C1-EBB0-4C4D-B95E-F49DC59A4B7F}.Release|Any CPU.ActiveCfg = Release|Any CPU
		{412A58C1-EBB0-4C4D-B95E-F49DC59A4B7F}.Release|Any CPU.Build.0 = Release|Any CPU
		{4816F17F-DF5D-4329-87B1-91EB174E2F24}.Debug|Any CPU.ActiveCfg = Debug|Any CPU
		{4816F17F-DF5D-4329-87B1-91EB174E2F24}.Debug|Any CPU.Build.0 = Debug|Any CPU
		{4816F17F-DF5D-4329-87B1-91EB174E2F24}.Release|Any CPU.ActiveCfg = Release|Any CPU
		{4816F17F-DF5D-4329-87B1-91EB174E2F24}.Release|Any CPU.Build.0 = Release|Any CPU
		{C8C6A53D-7BA2-4211-9E54-BD9F2225E195}.Debug|Any CPU.ActiveCfg = Debug|Any CPU
		{C8C6A53D-7BA2-4211-9E54-BD9F2225E195}.Debug|Any CPU.Build.0 = Debug|Any CPU
		{C8C6A53D-7BA2-4211-9E54-BD9F2225E195}.Release|Any CPU.ActiveCfg = Release|Any CPU
		{C8C6A53D-7BA2-4211-9E54-BD9F2225E195}.Release|Any CPU.Build.0 = Release|Any CPU
		{FAC861A4-CC51-414D-93F6-7A3AA130FB38}.Debug|Any CPU.ActiveCfg = Debug|Any CPU
		{FAC861A4-CC51-414D-93F6-7A3AA130FB38}.Debug|Any CPU.Build.0 = Debug|Any CPU
		{FAC861A4-CC51-414D-93F6-7A3AA130FB38}.Release|Any CPU.ActiveCfg = Release|Any CPU
		{FAC861A4-CC51-414D-93F6-7A3AA130FB38}.Release|Any CPU.Build.0 = Release|Any CPU
	EndGlobalSection
	GlobalSection(SolutionProperties) = preSolution
		HideSolutionNode = FALSE
	EndGlobalSection
	GlobalSection(ExtensibilityGlobals) = postSolution
		SolutionGuid = {C1E1E77E-9599-4BBB-B41D-A6953A3D5A61}
	EndGlobalSection
EndGlobal
